
Microsoft Visual Studio Solution File, Format Version 12.00
# Visual Studio Version 16
VisualStudioVersion = 16.0.31105.61
MinimumVisualStudioVersion = 10.0.40219.1
Project("{9A19103F-16F7-4668-BE54-9A1E7A4F7556}") = "IkinciDers", "IkinciDers\IkinciDers.csproj", "{DFC5DAD4-F8E5-41AF-9FED-B13981B04DBF}"
EndProject
Project("{9A19103F-16F7-4668-BE54-9A1E7A4F7556}") = "Donguler", "Donguler\Donguler.csproj", "{11711EDC-7FD8-4630-8869-A0040099DACE}"
EndProject
Project("{9A19103F-16F7-4668-BE54-9A1E7A4F7556}") = "ClassIntro", "ClassIntro\ClassIntro.csproj", "{C35C587B-DA78-48A8-8A8E-21A851FC9987}"
EndProject
Project("{9A19103F-16F7-4668-BE54-9A1E7A4F7556}") = "Odev6", "Odev6\Odev6.csproj", "{B1335AAC-0E2C-4C8E-AB1B-7FA9702C95CB}"
EndProject
Project("{9A19103F-16F7-4668-BE54-9A1E7A4F7556}") = "Metotlar", "Metotlar\Metotlar.csproj", "{03AE3393-1572-4CA0-9F26-A2D95E300708}"
EndProject
Project("{9A19103F-16F7-4668-BE54-9A1E7A4F7556}") = "Matematik", "Matematik\Matematik.csproj", "{021CA9F6-EC19-41F8-B47E-71546F19A0C0}"
EndProject
Project("{9A19103F-16F7-4668-BE54-9A1E7A4F7556}") = "DegerVeReferansTipler", "DegerVeReferansTipler\DegerVeReferansTipler.csproj", "{CB834E7A-0F18-450C-84E4-21C67F448D8F}"
EndProject
Project("{FAE04EC0-301F-11D3-BF4B-00C04F79EFBC}") = "OOP1", "OOP1\OOP1.csproj", "{930F144A-7CBD-48BC-AD9A-BA29F847BECA}"
EndProject
Project("{FAE04EC0-301F-11D3-BF4B-00C04F79EFBC}") = "Koleksiyonlar", "Koleksiyonlar\Koleksiyonlar.csproj", "{2EC0E11C-8EC4-44B4-A34B-4DF5FBA1309F}"
EndProject
Global
	GlobalSection(SolutionConfigurationPlatforms) = preSolution
		Debug|Any CPU = Debug|Any CPU
		Release|Any CPU = Release|Any CPU
	EndGlobalSection
	GlobalSection(ProjectConfigurationPlatforms) = postSolution
		{DFC5DAD4-F8E5-41AF-9FED-B13981B04DBF}.Debug|Any CPU.ActiveCfg = Debug|Any CPU
		{DFC5DAD4-F8E5-41AF-9FED-B13981B04DBF}.Debug|Any CPU.Build.0 = Debug|Any CPU
		{DFC5DAD4-F8E5-41AF-9FED-B13981B04DBF}.Release|Any CPU.ActiveCfg = Release|Any CPU
		{DFC5DAD4-F8E5-41AF-9FED-B13981B04DBF}.Release|Any CPU.Build.0 = Release|Any CPU
		{11711EDC-7FD8-4630-8869-A0040099DACE}.Debug|Any CPU.ActiveCfg = Debug|Any CPU
		{11711EDC-7FD8-4630-8869-A0040099DACE}.Debug|Any CPU.Build.0 = Debug|Any CPU
		{11711EDC-7FD8-4630-8869-A0040099DACE}.Release|Any CPU.ActiveCfg = Release|Any CPU
		{11711EDC-7FD8-4630-8869-A0040099DACE}.Release|Any CPU.Build.0 = Release|Any CPU
		{C35C587B-DA78-48A8-8A8E-21A851FC9987}.Debug|Any CPU.ActiveCfg = Debug|Any CPU
		{C35C587B-DA78-48A8-8A8E-21A851FC9987}.Debug|Any CPU.Build.0 = Debug|Any CPU
		{C35C587B-DA78-48A8-8A8E-21A851FC9987}.Release|Any CPU.ActiveCfg = Release|Any CPU
		{C35C587B-DA78-48A8-8A8E-21A851FC9987}.Release|Any CPU.Build.0 = Release|Any CPU
		{B1335AAC-0E2C-4C8E-AB1B-7FA9702C95CB}.Debug|Any CPU.ActiveCfg = Debug|Any CPU
		{B1335AAC-0E2C-4C8E-AB1B-7FA9702C95CB}.Debug|Any CPU.Build.0 = Debug|Any CPU
		{B1335AAC-0E2C-4C8E-AB1B-7FA9702C95CB}.Release|Any CPU.ActiveCfg = Release|Any CPU
		{B1335AAC-0E2C-4C8E-AB1B-7FA9702C95CB}.Release|Any CPU.Build.0 = Release|Any CPU
		{03AE3393-1572-4CA0-9F26-A2D95E300708}.Debug|Any CPU.ActiveCfg = Debug|Any CPU
		{03AE3393-1572-4CA0-9F26-A2D95E300708}.Debug|Any CPU.Build.0 = Debug|Any CPU
		{03AE3393-1572-4CA0-9F26-A2D95E300708}.Release|Any CPU.ActiveCfg = Release|Any CPU
		{03AE3393-1572-4CA0-9F26-A2D95E300708}.Release|Any CPU.Build.0 = Release|Any CPU
		{021CA9F6-EC19-41F8-B47E-71546F19A0C0}.Debug|Any CPU.ActiveCfg = Debug|Any CPU
		{021CA9F6-EC19-41F8-B47E-71546F19A0C0}.Debug|Any CPU.Build.0 = Debug|Any CPU
		{021CA9F6-EC19-41F8-B47E-71546F19A0C0}.Release|Any CPU.ActiveCfg = Release|Any CPU
		{021CA9F6-EC19-41F8-B47E-71546F19A0C0}.Release|Any CPU.Build.0 = Release|Any CPU
		{CB834E7A-0F18-450C-84E4-21C67F448D8F}.Debug|Any CPU.ActiveCfg = Debug|Any CPU
		{CB834E7A-0F18-450C-84E4-21C67F448D8F}.Debug|Any CPU.Build.0 = Debug|Any CPU
		{CB834E7A-0F18-450C-84E4-21C67F448D8F}.Release|Any CPU.ActiveCfg = Release|Any CPU
		{CB834E7A-0F18-450C-84E4-21C67F448D8F}.Release|Any CPU.Build.0 = Release|Any CPU
		{930F144A-7CBD-48BC-AD9A-BA29F847BECA}.Debug|Any CPU.ActiveCfg = Debug|Any CPU
		{930F144A-7CBD-48BC-AD9A-BA29F847BECA}.Debug|Any CPU.Build.0 = Debug|Any CPU
		{930F144A-7CBD-48BC-AD9A-BA29F847BECA}.Release|Any CPU.ActiveCfg = Release|Any CPU
		{930F144A-7CBD-48BC-AD9A-BA29F847BECA}.Release|Any CPU.Build.0 = Release|Any CPU
		{2EC0E11C-8EC4-44B4-A34B-4DF5FBA1309F}.Debug|Any CPU.ActiveCfg = Debug|Any CPU
		{2EC0E11C-8EC4-44B4-A34B-4DF5FBA1309F}.Debug|Any CPU.Build.0 = Debug|Any CPU
		{2EC0E11C-8EC4-44B4-A34B-4DF5FBA1309F}.Release|Any CPU.ActiveCfg = Release|Any CPU
		{2EC0E11C-8EC4-44B4-A34B-4DF5FBA1309F}.Release|Any CPU.Build.0 = Release|Any CPU
	EndGlobalSection
	GlobalSection(SolutionProperties) = preSolution
		HideSolutionNode = FALSE
	EndGlobalSection
	GlobalSection(ExtensibilityGlobals) = postSolution
		SolutionGuid = {83AB3D27-7D6E-447B-82A2-06934941D320}
	EndGlobalSection
EndGlobal
